{
  "name": "@r1/kernel",
  "version": "0.3.0",
  "lockfileVersion": 3,
  "requires": true,
  "packages": {
    "": {
      "name": "@r1/kernel",
      "version": "0.3.0",
      "license": "MIT",
      "dependencies": {
        "@sqlite.org/sqlite-wasm": "3.51.2-build9"
      }
    },
    "node_modules/@sqlite.org/sqlite-wasm": {
      "version": "3.51.2-build9",
      "resolved": "https://registry.npmjs.org/@sqlite.org/sqlite-wasm/-/sqlite-wasm-3.51.2-build9.tgz",
      "integrity": "sha512-tj2Sa6X4gVZqS9SiT2xlEeChSUklSGq8Hz6zKNbHW6NRiGyrSXiFcspnrWru1wPBT76RX/VxweESKxawCxfDxg==",
      "license": "Apache-2.0",
      "engines": {
        "node": ">=22"
      }
    }
  }
}
